
Microsoft Visual Studio Solution File, Format Version 12.00
# Visual Studio Version 16
VisualStudioVersion = 16.0.30104.148
MinimumVisualStudioVersion = 10.0.40219.1
Project("{9A19103F-16F7-4668-BE54-9A1E7A4F7556}") = "Citadel.RahkaranClient.TestApp", "Citadel.RahkaranClient.TestApp\Citadel.RahkaranClient.TestApp.csproj", "{1AF1C8DB-3E7D-46AB-BDBA-4F54A92E95BF}"
EndProject
Project("{9A19103F-16F7-4668-BE54-9A1E7A4F7556}") = "Citadel.RahkaranClient", "Citadel.RahkaranClient\Citadel.RahkaranClient.csproj", "{28519301-13CA-455C-879F-C8D5F2A39853}"
EndProject
Global
	GlobalSection(SolutionConfigurationPlatforms) = preSolution
		Debug|Any CPU = Debug|Any CPU
		Release|Any CPU = Release|Any CPU
	EndGlobalSection
	GlobalSection(ProjectConfigurationPlatforms) = postSolution
		{1AF1C8DB-3E7D-46AB-BDBA-4F54A92E95BF}.Debug|Any CPU.ActiveCfg = Debug|Any CPU
		{1AF1C8DB-3E7D-46AB-BDBA-4F54A92E95BF}.Debug|Any CPU.Build.0 = Debug|Any CPU
		{1AF1C8DB-3E7D-46AB-BDBA-4F54A92E95BF}.Release|Any CPU.ActiveCfg = Release|Any CPU
		{1AF1C8DB-3E7D-46AB-BDBA-4F54A92E95BF}.Release|Any CPU.Build.0 = Release|Any CPU
		{28519301-13CA-455C-879F-C8D5F2A39853}.Debug|Any CPU.ActiveCfg = Debug|Any CPU
		{28519301-13CA-455C-879F-C8D5F2A39853}.Debug|Any CPU.Build.0 = Debug|Any CPU
		{28519301-13CA-455C-879F-C8D5F2A39853}.Release|Any CPU.ActiveCfg = Release|Any CPU
		{28519301-13CA-455C-879F-C8D5F2A39853}.Release|Any CPU.Build.0 = Release|Any CPU
	EndGlobalSection
	GlobalSection(SolutionProperties) = preSolution
		HideSolutionNode = FALSE
	EndGlobalSection
	GlobalSection(ExtensibilityGlobals) = postSolution
		SolutionGuid = {3F30507D-BA12-467B-AAAA-F58060E5A687}
	EndGlobalSection
EndGlobal
